
Microsoft Visual Studio Solution File, Format Version 12.00
# Visual Studio Version 17
VisualStudioVersion = 17.7.34009.444
MinimumVisualStudioVersion = 10.0.40219.1
Project("{FAE04EC0-301F-11D3-BF4B-00C04F79EFBC}") = "WinFormsApp1", "WinFormsApp1\WinFormsApp1.csproj", "{19039239-05AF-407A-98FE-F2DFC980DCAF}"
EndProject
Global
	GlobalSection(SolutionConfigurationPlatforms) = preSolution
		Debug|Any CPU = Debug|Any CPU
		Release|Any CPU = Release|Any CPU
	EndGlobalSection
	GlobalSection(ProjectConfigurationPlatforms) = postSolution
		{19039239-05AF-407A-98FE-F2DFC980DCAF}.Debug|Any CPU.ActiveCfg = Debug|Any CPU
		{19039239-05AF-407A-98FE-F2DFC980DCAF}.Debug|Any CPU.Build.0 = Debug|Any CPU
		{19039239-05AF-407A-98FE-F2DFC980DCAF}.Release|Any CPU.ActiveCfg = Release|Any CPU
		{19039239-05AF-407A-98FE-F2DFC980DCAF}.Release|Any CPU.Build.0 = Release|Any CPU
	EndGlobalSection
	GlobalSection(SolutionProperties) = preSolution
		HideSolutionNode = FALSE
	EndGlobalSection
	GlobalSection(ExtensibilityGlobals) = postSolution
		SolutionGuid = {87482E0C-AF27-4E3D-8B27-A385D345DB8B}
	EndGlobalSection
EndGlobal
